
Microsoft Visual Studio Solution File, Format Version 12.00
# Visual Studio Version 17
VisualStudioVersion = 17.7.34031.279
MinimumVisualStudioVersion = 10.0.40219.1
Project("{9A19103F-16F7-4668-BE54-9A1E7A4F7556}") = "MarketOps.Tests", "MarketOps.Tests\MarketOps.Tests.csproj", "{D39FCEDB-7215-414D-BE6B-3EAAFE34AD0F}"
EndProject
Project("{9A19103F-16F7-4668-BE54-9A1E7A4F7556}") = "MarketOps.DataPump.Providers.Bossa", "MarketOps.DataPump.Providers.Bossa\MarketOps.DataPump.Providers.Bossa.csproj", "{2FEB1B32-2A19-43AB-8BC0-3C4CD4DA32F8}"
EndProject
Project("{9A19103F-16F7-4668-BE54-9A1E7A4F7556}") = "MarketOps.Types", "MarketOps.Types\MarketOps.Types.csproj", "{609D488B-2216-47BF-BD9E-C08666A6476E}"
EndProject
Project("{9A19103F-16F7-4668-BE54-9A1E7A4F7556}") = "MarketOps.DataPump.Storers.Pg", "MarketOps.DataPump.Storers.Pg\MarketOps.DataPump.Storers.Pg.csproj", "{66CA946D-3D36-4A2C-B103-ED6DC8E20134}"
EndProject
Project("{9A19103F-16F7-4668-BE54-9A1E7A4F7556}") = "MarketOps.DataPump.Common", "MarketOps.DataPump.Common\MarketOps.DataPump.Common.csproj", "{239326AA-7D97-40E4-979D-BCDE6374F30C}"
EndProject
Project("{9A19103F-16F7-4668-BE54-9A1E7A4F7556}") = "MarketOps.Common.Pg", "MarketOps.Common.Pg\MarketOps.Common.Pg.csproj", "{77DD2EA1-E7B0-4339-946E-521198409C98}"
EndProject
Project("{9A19103F-16F7-4668-BE54-9A1E7A4F7556}") = "MarketOps.DataPump", "MarketOps.DataPump\MarketOps.DataPump.csproj", "{4890B9CD-40D4-47B0-AD63-ADF38663056F}"
EndProject
Project("{9A19103F-16F7-4668-BE54-9A1E7A4F7556}") = "MarketOps.DataPump.Providers.Pg", "MarketOps.DataPump.Providers.Pg\MarketOps.DataPump.Providers.Pg.csproj", "{2EFE3BD1-149E-4BFC-93F4-DDBAEDDAB005}"
EndProject
Project("{9A19103F-16F7-4668-BE54-9A1E7A4F7556}") = "MarketOps.DataPump.Providers.PkoFunds", "MarketOps.DataPump.Providers.PkoFunds\MarketOps.DataPump.Providers.PkoFunds.csproj", "{8E5A00F6-744C-4D1A-A6D8-F88FC658ADC7}"
EndProject
Project("{9A19103F-16F7-4668-BE54-9A1E7A4F7556}") = "MarketOps.Scanner", "MarketOps.Scanner\MarketOps.Scanner.csproj", "{E1CB8EA4-5D86-4CB0-B1A1-B727CC13805A}"
EndProject
Project("{9A19103F-16F7-4668-BE54-9A1E7A4F7556}") = "MarketOps.Scanner.Common", "MarketOps.Scanner.Common\MarketOps.Scanner.Common.csproj", "{9B55750A-3622-48CF-8A18-C6D3D6CAF93C}"
EndProject
Project("{FAE04EC0-301F-11D3-BF4B-00C04F79EFBC}") = "MarketOps.Scanner.Pg", "MarketOps.Scanner.Pg\MarketOps.Scanner.Pg.csproj", "{248423C6-4291-4649-8228-EA81C7CC1132}"
EndProject
Global
	GlobalSection(SolutionConfigurationPlatforms) = preSolution
		Debug|Any CPU = Debug|Any CPU
		Release|Any CPU = Release|Any CPU
	EndGlobalSection
	GlobalSection(ProjectConfigurationPlatforms) = postSolution
		{D39FCEDB-7215-414D-BE6B-3EAAFE34AD0F}.Debug|Any CPU.ActiveCfg = Debug|Any CPU
		{D39FCEDB-7215-414D-BE6B-3EAAFE34AD0F}.Debug|Any CPU.Build.0 = Debug|Any CPU
		{D39FCEDB-7215-414D-BE6B-3EAAFE34AD0F}.Release|Any CPU.ActiveCfg = Release|Any CPU
		{D39FCEDB-7215-414D-BE6B-3EAAFE34AD0F}.Release|Any CPU.Build.0 = Release|Any CPU
		{2FEB1B32-2A19-43AB-8BC0-3C4CD4DA32F8}.Debug|Any CPU.ActiveCfg = Debug|Any CPU
		{2FEB1B32-2A19-43AB-8BC0-3C4CD4DA32F8}.Debug|Any CPU.Build.0 = Debug|Any CPU
		{2FEB1B32-2A19-43AB-8BC0-3C4CD4DA32F8}.Release|Any CPU.ActiveCfg = Release|Any CPU
		{2FEB1B32-2A19-43AB-8BC0-3C4CD4DA32F8}.Release|Any CPU.Build.0 = Release|Any CPU
		{609D488B-2216-47BF-BD9E-C08666A6476E}.Debug|Any CPU.ActiveCfg = Debug|Any CPU
		{609D488B-2216-47BF-BD9E-C08666A6476E}.Debug|Any CPU.Build.0 = Debug|Any CPU
		{609D488B-2216-47BF-BD9E-C08666A6476E}.Release|Any CPU.ActiveCfg = Release|Any CPU
		{609D488B-2216-47BF-BD9E-C08666A6476E}.Release|Any CPU.Build.0 = Release|Any CPU
		{66CA946D-3D36-4A2C-B103-ED6DC8E20134}.Debug|Any CPU.ActiveCfg = Debug|Any CPU
		{66CA946D-3D36-4A2C-B103-ED6DC8E20134}.Debug|Any CPU.Build.0 = Debug|Any CPU
		{66CA946D-3D36-4A2C-B103-ED6DC8E20134}.Release|Any CPU.ActiveCfg = Release|Any CPU
		{66CA946D-3D36-4A2C-B103-ED6DC8E20134}.Release|Any CPU.Build.0 = Release|Any CPU
		{239326AA-7D97-40E4-979D-BCDE6374F30C}.Debug|Any CPU.ActiveCfg = Debug|Any CPU
		{239326AA-7D97-40E4-979D-BCDE6374F30C}.Debug|Any CPU.Build.0 = Debug|Any CPU
		{239326AA-7D97-40E4-979D-BCDE6374F30C}.Release|Any CPU.ActiveCfg = Release|Any CPU
		{239326AA-7D97-40E4-979D-BCDE6374F30C}.Release|Any CPU.Build.0 = Release|Any CPU
		{77DD2EA1-E7B0-4339-946E-521198409C98}.Debug|Any CPU.ActiveCfg = Debug|Any CPU
		{77DD2EA1-E7B0-4339-946E-521198409C98}.Debug|Any CPU.Build.0 = Debug|Any CPU
		{77DD2EA1-E7B0-4339-946E-521198409C98}.Release|Any CPU.ActiveCfg = Release|Any CPU
		{77DD2EA1-E7B0-4339-946E-521198409C98}.Release|Any CPU.Build.0 = Release|Any CPU
		{4890B9CD-40D4-47B0-AD63-ADF38663056F}.Debug|Any CPU.ActiveCfg = Debug|Any CPU
		{4890B9CD-40D4-47B0-AD63-ADF38663056F}.Debug|Any CPU.Build.0 = Debug|Any CPU
		{4890B9CD-40D4-47B0-AD63-ADF38663056F}.Release|Any CPU.ActiveCfg = Release|Any CPU
		{4890B9CD-40D4-47B0-AD63-ADF38663056F}.Release|Any CPU.Build.0 = Release|Any CPU
		{2EFE3BD1-149E-4BFC-93F4-DDBAEDDAB005}.Debug|Any CPU.ActiveCfg = Debug|Any CPU
		{2EFE3BD1-149E-4BFC-93F4-DDBAEDDAB005}.Debug|Any CPU.Build.0 = Debug|Any CPU
		{2EFE3BD1-149E-4BFC-93F4-DDBAEDDAB005}.Release|Any CPU.ActiveCfg = Release|Any CPU
		{2EFE3BD1-149E-4BFC-93F4-DDBAEDDAB005}.Release|Any CPU.Build.0 = Release|Any CPU
		{8E5A00F6-744C-4D1A-A6D8-F88FC658ADC7}.Debug|Any CPU.ActiveCfg = Debug|Any CPU
		{8E5A00F6-744C-4D1A-A6D8-F88FC658ADC7}.Debug|Any CPU.Build.0 = Debug|Any CPU
		{8E5A00F6-744C-4D1A-A6D8-F88FC658ADC7}.Release|Any CPU.ActiveCfg = Release|Any CPU
		{8E5A00F6-744C-4D1A-A6D8-F88FC658ADC7}.Release|Any CPU.Build.0 = Release|Any CPU
		{E1CB8EA4-5D86-4CB0-B1A1-B727CC13805A}.Debug|Any CPU.ActiveCfg = Debug|Any CPU
		{E1CB8EA4-5D86-4CB0-B1A1-B727CC13805A}.Debug|Any CPU.Build.0 = Debug|Any CPU
		{E1CB8EA4-5D86-4CB0-B1A1-B727CC13805A}.Release|Any CPU.ActiveCfg = Release|Any CPU
		{E1CB8EA4-5D86-4CB0-B1A1-B727CC13805A}.Release|Any CPU.Build.0 = Release|Any CPU
		{9B55750A-3622-48CF-8A18-C6D3D6CAF93C}.Debug|Any CPU.ActiveCfg = Debug|Any CPU
		{9B55750A-3622-48CF-8A18-C6D3D6CAF93C}.Debug|Any CPU.Build.0 = Debug|Any CPU
		{9B55750A-3622-48CF-8A18-C6D3D6CAF93C}.Release|Any CPU.ActiveCfg = Release|Any CPU
		{9B55750A-3622-48CF-8A18-C6D3D6CAF93C}.Release|Any CPU.Build.0 = Release|Any CPU
		{248423C6-4291-4649-8228-EA81C7CC1132}.Debug|Any CPU.ActiveCfg = Debug|Any CPU
		{248423C6-4291-4649-8228-EA81C7CC1132}.Debug|Any CPU.Build.0 = Debug|Any CPU
		{248423C6-4291-4649-8228-EA81C7CC1132}.Release|Any CPU.ActiveCfg = Release|Any CPU
		{248423C6-4291-4649-8228-EA81C7CC1132}.Release|Any CPU.Build.0 = Release|Any CPU
	EndGlobalSection
	GlobalSection(SolutionProperties) = preSolution
		HideSolutionNode = FALSE
	EndGlobalSection
	GlobalSection(ExtensibilityGlobals) = postSolution
		SolutionGuid = {2C162C8D-8F83-45C4-AA4C-C2BF759CF43D}
	EndGlobalSection
EndGlobal
