
Microsoft Visual Studio Solution File, Format Version 12.00
# Visual Studio Version 17
VisualStudioVersion = 17.7.34031.279
MinimumVisualStudioVersion = 10.0.40219.1
Project("{9A19103F-16F7-4668-BE54-9A1E7A4F7556}") = "MarketOps.DataPump", "MarketOps.DataPump\MarketOps.DataPump.csproj", "{602961ED-BF83-40BE-8C5E-4A6C91682681}"
EndProject
Project("{FAE04EC0-301F-11D3-BF4B-00C04F79EFBC}") = "MarketOps.Tests", "MarketOps.Tests\MarketOps.Tests.csproj", "{D39FCEDB-7215-414D-BE6B-3EAAFE34AD0F}"
EndProject
Global
	GlobalSection(SolutionConfigurationPlatforms) = preSolution
		Debug|Any CPU = Debug|Any CPU
		Release|Any CPU = Release|Any CPU
	EndGlobalSection
	GlobalSection(ProjectConfigurationPlatforms) = postSolution
		{602961ED-BF83-40BE-8C5E-4A6C91682681}.Debug|Any CPU.ActiveCfg = Debug|Any CPU
		{602961ED-BF83-40BE-8C5E-4A6C91682681}.Debug|Any CPU.Build.0 = Debug|Any CPU
		{602961ED-BF83-40BE-8C5E-4A6C91682681}.Release|Any CPU.ActiveCfg = Release|Any CPU
		{602961ED-BF83-40BE-8C5E-4A6C91682681}.Release|Any CPU.Build.0 = Release|Any CPU
		{D39FCEDB-7215-414D-BE6B-3EAAFE34AD0F}.Debug|Any CPU.ActiveCfg = Debug|Any CPU
		{D39FCEDB-7215-414D-BE6B-3EAAFE34AD0F}.Debug|Any CPU.Build.0 = Debug|Any CPU
		{D39FCEDB-7215-414D-BE6B-3EAAFE34AD0F}.Release|Any CPU.ActiveCfg = Release|Any CPU
		{D39FCEDB-7215-414D-BE6B-3EAAFE34AD0F}.Release|Any CPU.Build.0 = Release|Any CPU
	EndGlobalSection
	GlobalSection(SolutionProperties) = preSolution
		HideSolutionNode = FALSE
	EndGlobalSection
	GlobalSection(ExtensibilityGlobals) = postSolution
		SolutionGuid = {2C162C8D-8F83-45C4-AA4C-C2BF759CF43D}
	EndGlobalSection
EndGlobal
